
Microsoft Visual Studio Solution File, Format Version 12.00
# Visual Studio 15
Project("{FAE04EC0-301F-11D3-BF4B-00C04F79EFBC}") = "code-timing", "code-timing\code-timing.csproj", "{CAEF6B80-AEEA-4E14-8948-AF34D447FDE6}"
EndProject
Global
	GlobalSection(SolutionConfigurationPlatforms) = preSolution
		Debug|Any CPU = Debug|Any CPU
		Release|Any CPU = Release|Any CPU
	EndGlobalSection
	GlobalSection(ProjectConfigurationPlatforms) = postSolution
		{CAEF6B80-AEEA-4E14-8948-AF34D447FDE6}.Debug|Any CPU.ActiveCfg = Debug|Any CPU
		{CAEF6B80-AEEA-4E14-8948-AF34D447FDE6}.Debug|Any CPU.Build.0 = Debug|Any CPU
		{CAEF6B80-AEEA-4E14-8948-AF34D447FDE6}.Release|Any CPU.ActiveCfg = Release|Any CPU
		{CAEF6B80-AEEA-4E14-8948-AF34D447FDE6}.Release|Any CPU.Build.0 = Release|Any CPU
	EndGlobalSection
EndGlobal
